// !$*UTF8*$!
{
	archiveVersion = 1;
	classes = {
	};
	objectVersion = 46;
	objects = {

/* Begin PBXBuildFile section */
		1E4BD6B7D167E01F592ABC69 /* Pods_MoyaVsWinterTests.framework in Frameworks */ = {isa = PBXBuildFile; fileRef = 0B305293E26CC0F3A644C1CD /* Pods_MoyaVsWinterTests.framework */; };
		BDCC87998AD8D1E683AFEF85 /* Pods_MoyaVsWinter.framework in Frameworks */ = {isa = PBXBuildFile; fileRef = B7A04380F7F21C2FE59EE2A6 /* Pods_MoyaVsWinter.framework */; };
		F3397C071F3C44AD003B2810 /* AppDelegate.swift in Sources */ = {isa = PBXBuildFile; fileRef = F3397C061F3C44AD003B2810 /* AppDelegate.swift */; };
		F3397C091F3C44AD003B2810 /* ViewController.swift in Sources */ = {isa = PBXBuildFile; fileRef = F3397C081F3C44AD003B2810 /* ViewController.swift */; };
		F3397C0C1F3C44AD003B2810 /* Main.storyboard in Resources */ = {isa = PBXBuildFile; fileRef = F3397C0A1F3C44AD003B2810 /* Main.storyboard */; };
		F3397C0E1F3C44AD003B2810 /* Assets.xcassets in Resources */ = {isa = PBXBuildFile; fileRef = F3397C0D1F3C44AD003B2810 /* Assets.xcassets */; };
		F3397C111F3C44AD003B2810 /* LaunchScreen.storyboard in Resources */ = {isa = PBXBuildFile; fileRef = F3397C0F1F3C44AD003B2810 /* LaunchScreen.storyboard */; };
		F3397C1C1F3C44AD003B2810 /* MoyaVsWinterTests.swift in Sources */ = {isa = PBXBuildFile; fileRef = F3397C1B1F3C44AD003B2810 /* MoyaVsWinterTests.swift */; };
		F3397C281F3C460E003B2810 /* WebService.swift in Sources */ = {isa = PBXBuildFile; fileRef = F3397C271F3C460E003B2810 /* WebService.swift */; };
		F3397C2A1F3C470B003B2810 /* WebServiceError.swift in Sources */ = {isa = PBXBuildFile; fileRef = F3397C291F3C470B003B2810 /* WebServiceError.swift */; };
		F3397C2C1F3C472F003B2810 /* Resource.swift in Sources */ = {isa = PBXBuildFile; fileRef = F3397C2B1F3C472F003B2810 /* Resource.swift */; };
		F3397C2E1F3C4784003B2810 /* TokenManager.swift in Sources */ = {isa = PBXBuildFile; fileRef = F3397C2D1F3C4784003B2810 /* TokenManager.swift */; };
		F3397C301F3C4791003B2810 /* Token.swift in Sources */ = {isa = PBXBuildFile; fileRef = F3397C2F1F3C4791003B2810 /* Token.swift */; };
		F3397C321F3C4BB2003B2810 /* Dictionary+Extension.swift in Sources */ = {isa = PBXBuildFile; fileRef = F3397C311F3C4BB2003B2810 /* Dictionary+Extension.swift */; };
		F3397C341F3C4BE9003B2810 /* KeyConstants.swift in Sources */ = {isa = PBXBuildFile; fileRef = F3397C331F3C4BE9003B2810 /* KeyConstants.swift */; };
		F3397C361F3C4C1E003B2810 /* URLConstants.swift in Sources */ = {isa = PBXBuildFile; fileRef = F3397C351F3C4C1E003B2810 /* URLConstants.swift */; };
		F3397C381F3C4CC8003B2810 /* HeaderComposer.swift in Sources */ = {isa = PBXBuildFile; fileRef = F3397C371F3C4CC8003B2810 /* HeaderComposer.swift */; };
		F3397C3A1F3C4D4A003B2810 /* UserDefaults+Extension.swift in Sources */ = {isa = PBXBuildFile; fileRef = F3397C391F3C4D4A003B2810 /* UserDefaults+Extension.swift */; };
		F3397C3C1F3C4DBD003B2810 /* String+Extensions.swift in Sources */ = {isa = PBXBuildFile; fileRef = F3397C3B1F3C4DBD003B2810 /* String+Extensions.swift */; };
		F3397C3E1F3C4E47003B2810 /* ErrorCode.swift in Sources */ = {isa = PBXBuildFile; fileRef = F3397C3D1F3C4E47003B2810 /* ErrorCode.swift */; };
		F3397C401F3C4ECE003B2810 /* ResponseCode.swift in Sources */ = {isa = PBXBuildFile; fileRef = F3397C3F1F3C4ECE003B2810 /* ResponseCode.swift */; };
		F3397C441F3C500D003B2810 /* WUser.swift in Sources */ = {isa = PBXBuildFile; fileRef = F3397C431F3C500D003B2810 /* WUser.swift */; };
		F3397C461F3C501C003B2810 /* MUser.swift in Sources */ = {isa = PBXBuildFile; fileRef = F3397C451F3C501C003B2810 /* MUser.swift */; };
		F3397C481F3C996D003B2810 /* User.swift in Sources */ = {isa = PBXBuildFile; fileRef = F3397C471F3C996D003B2810 /* User.swift */; };
		F3C2BE611F418BFD0030496C /* ConnectURLConstant.swift in Sources */ = {isa = PBXBuildFile; fileRef = F3C2BE601F418BFD0030496C /* ConnectURLConstant.swift */; };
		F3C2BE631F418C7D0030496C /* LegacyLoginModel.swift in Sources */ = {isa = PBXBuildFile; fileRef = F3C2BE621F418C7D0030496C /* LegacyLoginModel.swift */; };
		F3FDD2661F3D6B14005772BA /* StringConstants.swift in Sources */ = {isa = PBXBuildFile; fileRef = F3FDD2651F3D6B14005772BA /* StringConstants.swift */; };
/* End PBXBuildFile section */

/* Begin PBXContainerItemProxy section */
		F3397C181F3C44AD003B2810 /* PBXContainerItemProxy */ = {
			isa = PBXContainerItemProxy;
			containerPortal = F3397BFB1F3C44AD003B2810 /* Project object */;
			proxyType = 1;
			remoteGlobalIDString = F3397C021F3C44AD003B2810;
			remoteInfo = MoyaVsWinter;
		};
/* End PBXContainerItemProxy section */

/* Begin PBXFileReference section */
		0B305293E26CC0F3A644C1CD /* Pods_MoyaVsWinterTests.framework */ = {isa = PBXFileReference; explicitFileType = wrapper.framework; includeInIndex = 0; path = Pods_MoyaVsWinterTests.framework; sourceTree = BUILT_PRODUCTS_DIR; };
		2E348592D7B9DEA75DCEA2EF /* Pods-MoyaVsWinterTests.release.xcconfig */ = {isa = PBXFileReference; includeInIndex = 1; lastKnownFileType = text.xcconfig; name = "Pods-MoyaVsWinterTests.release.xcconfig"; path = "Pods/Target Support Files/Pods-MoyaVsWinterTests/Pods-MoyaVsWinterTests.release.xcconfig"; sourceTree = "<group>"; };
		56E5E605AD57C0F8AE6A3A51 /* Pods-MoyaVsWinterTests.debug.xcconfig */ = {isa = PBXFileReference; includeInIndex = 1; lastKnownFileType = text.xcconfig; name = "Pods-MoyaVsWinterTests.debug.xcconfig"; path = "Pods/Target Support Files/Pods-MoyaVsWinterTests/Pods-MoyaVsWinterTests.debug.xcconfig"; sourceTree = "<group>"; };
		A4C597604E2B314CE811BA48 /* Pods-MoyaVsWinter.release.xcconfig */ = {isa = PBXFileReference; includeInIndex = 1; lastKnownFileType = text.xcconfig; name = "Pods-MoyaVsWinter.release.xcconfig"; path = "Pods/Target Support Files/Pods-MoyaVsWinter/Pods-MoyaVsWinter.release.xcconfig"; sourceTree = "<group>"; };
		B7A04380F7F21C2FE59EE2A6 /* Pods_MoyaVsWinter.framework */ = {isa = PBXFileReference; explicitFileType = wrapper.framework; includeInIndex = 0; path = Pods_MoyaVsWinter.framework; sourceTree = BUILT_PRODUCTS_DIR; };
		F3397C031F3C44AD003B2810 /* MoyaVsWinter.app */ = {isa = PBXFileReference; explicitFileType = wrapper.application; includeInIndex = 0; path = MoyaVsWinter.app; sourceTree = BUILT_PRODUCTS_DIR; };
		F3397C061F3C44AD003B2810 /* AppDelegate.swift */ = {isa = PBXFileReference; lastKnownFileType = sourcecode.swift; path = AppDelegate.swift; sourceTree = "<group>"; };
		F3397C081F3C44AD003B2810 /* ViewController.swift */ = {isa = PBXFileReference; lastKnownFileType = sourcecode.swift; path = ViewController.swift; sourceTree = "<group>"; };
		F3397C0B1F3C44AD003B2810 /* Base */ = {isa = PBXFileReference; lastKnownFileType = file.storyboard; name = Base; path = Base.lproj/Main.storyboard; sourceTree = "<group>"; };
		F3397C0D1F3C44AD003B2810 /* Assets.xcassets */ = {isa = PBXFileReference; lastKnownFileType = folder.assetcatalog; path = Assets.xcassets; sourceTree = "<group>"; };
		F3397C101F3C44AD003B2810 /* Base */ = {isa = PBXFileReference; lastKnownFileType = file.storyboard; name = Base; path = Base.lproj/LaunchScreen.storyboard; sourceTree = "<group>"; };
		F3397C121F3C44AD003B2810 /* Info.plist */ = {isa = PBXFileReference; lastKnownFileType = text.plist.xml; path = Info.plist; sourceTree = "<group>"; };
		F3397C171F3C44AD003B2810 /* MoyaVsWinterTests.xctest */ = {isa = PBXFileReference; explicitFileType = wrapper.cfbundle; includeInIndex = 0; path = MoyaVsWinterTests.xctest; sourceTree = BUILT_PRODUCTS_DIR; };
		F3397C1B1F3C44AD003B2810 /* MoyaVsWinterTests.swift */ = {isa = PBXFileReference; lastKnownFileType = sourcecode.swift; path = MoyaVsWinterTests.swift; sourceTree = "<group>"; };
		F3397C1D1F3C44AD003B2810 /* Info.plist */ = {isa = PBXFileReference; lastKnownFileType = text.plist.xml; path = Info.plist; sourceTree = "<group>"; };
		F3397C271F3C460E003B2810 /* WebService.swift */ = {isa = PBXFileReference; fileEncoding = 4; lastKnownFileType = sourcecode.swift; path = WebService.swift; sourceTree = "<group>"; };
		F3397C291F3C470B003B2810 /* WebServiceError.swift */ = {isa = PBXFileReference; fileEncoding = 4; lastKnownFileType = sourcecode.swift; path = WebServiceError.swift; sourceTree = "<group>"; };
		F3397C2B1F3C472F003B2810 /* Resource.swift */ = {isa = PBXFileReference; fileEncoding = 4; lastKnownFileType = sourcecode.swift; path = Resource.swift; sourceTree = "<group>"; };
		F3397C2D1F3C4784003B2810 /* TokenManager.swift */ = {isa = PBXFileReference; fileEncoding = 4; lastKnownFileType = sourcecode.swift; path = TokenManager.swift; sourceTree = "<group>"; };
		F3397C2F1F3C4791003B2810 /* Token.swift */ = {isa = PBXFileReference; fileEncoding = 4; lastKnownFileType = sourcecode.swift; path = Token.swift; sourceTree = "<group>"; };
		F3397C311F3C4BB2003B2810 /* Dictionary+Extension.swift */ = {isa = PBXFileReference; fileEncoding = 4; lastKnownFileType = sourcecode.swift; path = "Dictionary+Extension.swift"; sourceTree = "<group>"; };
		F3397C331F3C4BE9003B2810 /* KeyConstants.swift */ = {isa = PBXFileReference; fileEncoding = 4; lastKnownFileType = sourcecode.swift; path = KeyConstants.swift; sourceTree = "<group>"; };
		F3397C351F3C4C1E003B2810 /* URLConstants.swift */ = {isa = PBXFileReference; fileEncoding = 4; lastKnownFileType = sourcecode.swift; path = URLConstants.swift; sourceTree = "<group>"; };
		F3397C371F3C4CC8003B2810 /* HeaderComposer.swift */ = {isa = PBXFileReference; fileEncoding = 4; lastKnownFileType = sourcecode.swift; path = HeaderComposer.swift; sourceTree = "<group>"; };
		F3397C391F3C4D4A003B2810 /* UserDefaults+Extension.swift */ = {isa = PBXFileReference; fileEncoding = 4; lastKnownFileType = sourcecode.swift; path = "UserDefaults+Extension.swift"; sourceTree = "<group>"; };
		F3397C3B1F3C4DBD003B2810 /* String+Extensions.swift */ = {isa = PBXFileReference; fileEncoding = 4; lastKnownFileType = sourcecode.swift; path = "String+Extensions.swift"; sourceTree = "<group>"; };
		F3397C3D1F3C4E47003B2810 /* ErrorCode.swift */ = {isa = PBXFileReference; fileEncoding = 4; lastKnownFileType = sourcecode.swift; path = ErrorCode.swift; sourceTree = "<group>"; };
		F3397C3F1F3C4ECE003B2810 /* ResponseCode.swift */ = {isa = PBXFileReference; fileEncoding = 4; lastKnownFileType = sourcecode.swift; path = ResponseCode.swift; sourceTree = "<group>"; };
		F3397C431F3C500D003B2810 /* WUser.swift */ = {isa = PBXFileReference; fileEncoding = 4; lastKnownFileType = sourcecode.swift; path = WUser.swift; sourceTree = "<group>"; };
		F3397C451F3C501C003B2810 /* MUser.swift */ = {isa = PBXFileReference; fileEncoding = 4; lastKnownFileType = sourcecode.swift; path = MUser.swift; sourceTree = "<group>"; };
		F3397C471F3C996D003B2810 /* User.swift */ = {isa = PBXFileReference; fileEncoding = 4; lastKnownFileType = sourcecode.swift; path = User.swift; sourceTree = "<group>"; };
		F3C2BE601F418BFD0030496C /* ConnectURLConstant.swift */ = {isa = PBXFileReference; fileEncoding = 4; lastKnownFileType = sourcecode.swift; name = ConnectURLConstant.swift; path = CareConnectAPI/ConnectURLConstant.swift; sourceTree = "<group>"; };
		F3C2BE621F418C7D0030496C /* LegacyLoginModel.swift */ = {isa = PBXFileReference; fileEncoding = 4; lastKnownFileType = sourcecode.swift; name = LegacyLoginModel.swift; path = CareConnectAPI/LegacyLoginModel.swift; sourceTree = "<group>"; };
		F3FDD2651F3D6B14005772BA /* StringConstants.swift */ = {isa = PBXFileReference; fileEncoding = 4; lastKnownFileType = sourcecode.swift; path = StringConstants.swift; sourceTree = "<group>"; };
		FA4DF53D85B0CB400F94FA8A /* Pods-MoyaVsWinter.debug.xcconfig */ = {isa = PBXFileReference; includeInIndex = 1; lastKnownFileType = text.xcconfig; name = "Pods-MoyaVsWinter.debug.xcconfig"; path = "Pods/Target Support Files/Pods-MoyaVsWinter/Pods-MoyaVsWinter.debug.xcconfig"; sourceTree = "<group>"; };
/* End PBXFileReference section */

/* Begin PBXFrameworksBuildPhase section */
		F3397C001F3C44AD003B2810 /* Frameworks */ = {
			isa = PBXFrameworksBuildPhase;
			buildActionMask = 2147483647;
			files = (
				BDCC87998AD8D1E683AFEF85 /* Pods_MoyaVsWinter.framework in Frameworks */,
			);
			runOnlyForDeploymentPostprocessing = 0;
		};
		F3397C141F3C44AD003B2810 /* Frameworks */ = {
			isa = PBXFrameworksBuildPhase;
			buildActionMask = 2147483647;
			files = (
				1E4BD6B7D167E01F592ABC69 /* Pods_MoyaVsWinterTests.framework in Frameworks */,
			);
			runOnlyForDeploymentPostprocessing = 0;
		};
/* End PBXFrameworksBuildPhase section */

/* Begin PBXGroup section */
		4A81C9A63A4EDE4B0AE62DEB /* Pods */ = {
			isa = PBXGroup;
			children = (
				FA4DF53D85B0CB400F94FA8A /* Pods-MoyaVsWinter.debug.xcconfig */,
				A4C597604E2B314CE811BA48 /* Pods-MoyaVsWinter.release.xcconfig */,
				56E5E605AD57C0F8AE6A3A51 /* Pods-MoyaVsWinterTests.debug.xcconfig */,
				2E348592D7B9DEA75DCEA2EF /* Pods-MoyaVsWinterTests.release.xcconfig */,
			);
			name = Pods;
			sourceTree = "<group>";
		};
		E05B3FAAEAFB62F645073221 /* Frameworks */ = {
			isa = PBXGroup;
			children = (
				B7A04380F7F21C2FE59EE2A6 /* Pods_MoyaVsWinter.framework */,
				0B305293E26CC0F3A644C1CD /* Pods_MoyaVsWinterTests.framework */,
			);
			name = Frameworks;
			sourceTree = "<group>";
		};
		F3397BFA1F3C44AD003B2810 = {
			isa = PBXGroup;
			children = (
				F3397C051F3C44AD003B2810 /* MoyaVsWinter */,
				F3397C1A1F3C44AD003B2810 /* MoyaVsWinterTests */,
				F3397C041F3C44AD003B2810 /* Products */,
				4A81C9A63A4EDE4B0AE62DEB /* Pods */,
				E05B3FAAEAFB62F645073221 /* Frameworks */,
			);
			indentWidth = 2;
			sourceTree = "<group>";
			tabWidth = 2;
		};
		F3397C041F3C44AD003B2810 /* Products */ = {
			isa = PBXGroup;
			children = (
				F3397C031F3C44AD003B2810 /* MoyaVsWinter.app */,
				F3397C171F3C44AD003B2810 /* MoyaVsWinterTests.xctest */,
			);
			name = Products;
			sourceTree = "<group>";
		};
		F3397C051F3C44AD003B2810 /* MoyaVsWinter */ = {
			isa = PBXGroup;
			children = (
				F3C2BE5F1F418BC30030496C /* CareConnectAPI */,
				F3397C421F3C4FCE003B2810 /* WinterRequester */,
				F3397C411F3C4FBA003B2810 /* MoyaRequester */,
				F3397C261F3C45DF003B2810 /* Winter */,
				F3397C061F3C44AD003B2810 /* AppDelegate.swift */,
				F3397C081F3C44AD003B2810 /* ViewController.swift */,
				F3397C0A1F3C44AD003B2810 /* Main.storyboard */,
				F3397C0D1F3C44AD003B2810 /* Assets.xcassets */,
				F3397C0F1F3C44AD003B2810 /* LaunchScreen.storyboard */,
				F3397C121F3C44AD003B2810 /* Info.plist */,
				F3397C471F3C996D003B2810 /* User.swift */,
				F3FDD2651F3D6B14005772BA /* StringConstants.swift */,
			);
			path = MoyaVsWinter;
			sourceTree = "<group>";
		};
		F3397C1A1F3C44AD003B2810 /* MoyaVsWinterTests */ = {
			isa = PBXGroup;
			children = (
				F3397C1B1F3C44AD003B2810 /* MoyaVsWinterTests.swift */,
				F3397C1D1F3C44AD003B2810 /* Info.plist */,
			);
			path = MoyaVsWinterTests;
			sourceTree = "<group>";
		};
		F3397C261F3C45DF003B2810 /* Winter */ = {
			isa = PBXGroup;
			children = (
				F3397C2D1F3C4784003B2810 /* TokenManager.swift */,
				F3397C2F1F3C4791003B2810 /* Token.swift */,
				F3397C2B1F3C472F003B2810 /* Resource.swift */,
				F3397C291F3C470B003B2810 /* WebServiceError.swift */,
				F3397C271F3C460E003B2810 /* WebService.swift */,
				F3397C311F3C4BB2003B2810 /* Dictionary+Extension.swift */,
				F3397C331F3C4BE9003B2810 /* KeyConstants.swift */,
				F3397C351F3C4C1E003B2810 /* URLConstants.swift */,
				F3397C371F3C4CC8003B2810 /* HeaderComposer.swift */,
				F3397C391F3C4D4A003B2810 /* UserDefaults+Extension.swift */,
				F3397C3B1F3C4DBD003B2810 /* String+Extensions.swift */,
				F3397C3D1F3C4E47003B2810 /* ErrorCode.swift */,
				F3397C3F1F3C4ECE003B2810 /* ResponseCode.swift */,
			);
			name = Winter;
			sourceTree = "<group>";
		};
		F3397C411F3C4FBA003B2810 /* MoyaRequester */ = {
			isa = PBXGroup;
			children = (
				F3397C451F3C501C003B2810 /* MUser.swift */,
			);
			name = MoyaRequester;
			sourceTree = "<group>";
		};
		F3397C421F3C4FCE003B2810 /* WinterRequester */ = {
			isa = PBXGroup;
			children = (
				F3397C431F3C500D003B2810 /* WUser.swift */,
			);
			name = WinterRequester;
			sourceTree = "<group>";
		};
		F3C2BE5F1F418BC30030496C /* CareConnectAPI */ = {
			isa = PBXGroup;
			children = (
				F3C2BE601F418BFD0030496C /* ConnectURLConstant.swift */,
				F3C2BE621F418C7D0030496C /* LegacyLoginModel.swift */,
			);
			name = CareConnectAPI;
			sourceTree = "<group>";
		};
/* End PBXGroup section */

/* Begin PBXNativeTarget section */
		F3397C021F3C44AD003B2810 /* MoyaVsWinter */ = {
			isa = PBXNativeTarget;
			buildConfigurationList = F3397C201F3C44AD003B2810 /* Build configuration list for PBXNativeTarget "MoyaVsWinter" */;
			buildPhases = (
				8529CC2EEF1DBC070D40930F /* [CP] Check Pods Manifest.lock */,
				F3397BFF1F3C44AD003B2810 /* Sources */,
				F3397C001F3C44AD003B2810 /* Frameworks */,
				F3397C011F3C44AD003B2810 /* Resources */,
				77077051DF0407A3FE99F6A9 /* [CP] Embed Pods Frameworks */,
				9B109098D27D37A297992244 /* [CP] Copy Pods Resources */,
			);
			buildRules = (
			);
			dependencies = (
			);
			name = MoyaVsWinter;
			productName = MoyaVsWinter;
			productReference = F3397C031F3C44AD003B2810 /* MoyaVsWinter.app */;
			productType = "com.apple.product-type.application";
		};
		F3397C161F3C44AD003B2810 /* MoyaVsWinterTests */ = {
			isa = PBXNativeTarget;
			buildConfigurationList = F3397C231F3C44AD003B2810 /* Build configuration list for PBXNativeTarget "MoyaVsWinterTests" */;
			buildPhases = (
				43238FEC63B05828F42B1CC6 /* [CP] Check Pods Manifest.lock */,
				F3397C131F3C44AD003B2810 /* Sources */,
				F3397C141F3C44AD003B2810 /* Frameworks */,
				F3397C151F3C44AD003B2810 /* Resources */,
				8E738DFA5225E53E5604B1AC /* [CP] Embed Pods Frameworks */,
				C975B79F237F2954FBF1E865 /* [CP] Copy Pods Resources */,
			);
			buildRules = (
			);
			dependencies = (
				F3397C191F3C44AD003B2810 /* PBXTargetDependency */,
			);
			name = MoyaVsWinterTests;
			productName = MoyaVsWinterTests;
			productReference = F3397C171F3C44AD003B2810 /* MoyaVsWinterTests.xctest */;
			productType = "com.apple.product-type.bundle.unit-test";
		};
/* End PBXNativeTarget section */

/* Begin PBXProject section */
		F3397BFB1F3C44AD003B2810 /* Project object */ = {
			isa = PBXProject;
			attributes = {
				LastSwiftUpdateCheck = 0830;
				LastUpgradeCheck = 0830;
				ORGANIZATIONNAME = Leapfrog;
				TargetAttributes = {
					F3397C021F3C44AD003B2810 = {
						CreatedOnToolsVersion = 8.3.3;
						DevelopmentTeam = N7DN9W93BF;
						ProvisioningStyle = Automatic;
					};
					F3397C161F3C44AD003B2810 = {
						CreatedOnToolsVersion = 8.3.3;
						DevelopmentTeam = N7DN9W93BF;
						ProvisioningStyle = Automatic;
						TestTargetID = F3397C021F3C44AD003B2810;
					};
				};
			};
			buildConfigurationList = F3397BFE1F3C44AD003B2810 /* Build configuration list for PBXProject "MoyaVsWinter" */;
			compatibilityVersion = "Xcode 3.2";
			developmentRegion = English;
			hasScannedForEncodings = 0;
			knownRegions = (
				en,
				Base,
			);
			mainGroup = F3397BFA1F3C44AD003B2810;
			productRefGroup = F3397C041F3C44AD003B2810 /* Products */;
			projectDirPath = "";
			projectRoot = "";
			targets = (
				F3397C021F3C44AD003B2810 /* MoyaVsWinter */,
				F3397C161F3C44AD003B2810 /* MoyaVsWinterTests */,
			);
		};
/* End PBXProject section */

/* Begin PBXResourcesBuildPhase section */
		F3397C011F3C44AD003B2810 /* Resources */ = {
			isa = PBXResourcesBuildPhase;
			buildActionMask = 2147483647;
			files = (
				F3397C111F3C44AD003B2810 /* LaunchScreen.storyboard in Resources */,
				F3397C0E1F3C44AD003B2810 /* Assets.xcassets in Resources */,
				F3397C0C1F3C44AD003B2810 /* Main.storyboard in Resources */,
			);
			runOnlyForDeploymentPostprocessing = 0;
		};
		F3397C151F3C44AD003B2810 /* Resources */ = {
			isa = PBXResourcesBuildPhase;
			buildActionMask = 2147483647;
			files = (
			);
			runOnlyForDeploymentPostprocessing = 0;
		};
/* End PBXResourcesBuildPhase section */

/* Begin PBXShellScriptBuildPhase section */
		43238FEC63B05828F42B1CC6 /* [CP] Check Pods Manifest.lock */ = {
			isa = PBXShellScriptBuildPhase;
			buildActionMask = 2147483647;
			files = (
			);
			inputPaths = (
			);
			name = "[CP] Check Pods Manifest.lock";
			outputPaths = (
			);
			runOnlyForDeploymentPostprocessing = 0;
			shellPath = /bin/sh;
			shellScript = "diff \"${PODS_ROOT}/../Podfile.lock\" \"${PODS_ROOT}/Manifest.lock\" > /dev/null\nif [ $? != 0 ] ; then\n    # print error to STDERR\n    echo \"error: The sandbox is not in sync with the Podfile.lock. Run 'pod install' or update your CocoaPods installation.\" >&2\n    exit 1\nfi\n";
			showEnvVarsInLog = 0;
		};
		77077051DF0407A3FE99F6A9 /* [CP] Embed Pods Frameworks */ = {
			isa = PBXShellScriptBuildPhase;
			buildActionMask = 2147483647;
			files = (
			);
			inputPaths = (
			);
			name = "[CP] Embed Pods Frameworks";
			outputPaths = (
			);
			runOnlyForDeploymentPostprocessing = 0;
			shellPath = /bin/sh;
			shellScript = "\"${SRCROOT}/Pods/Target Support Files/Pods-MoyaVsWinter/Pods-MoyaVsWinter-frameworks.sh\"\n";
			showEnvVarsInLog = 0;
		};
		8529CC2EEF1DBC070D40930F /* [CP] Check Pods Manifest.lock */ = {
			isa = PBXShellScriptBuildPhase;
			buildActionMask = 2147483647;
			files = (
			);
			inputPaths = (
			);
			name = "[CP] Check Pods Manifest.lock";
			outputPaths = (
			);
			runOnlyForDeploymentPostprocessing = 0;
			shellPath = /bin/sh;
			shellScript = "diff \"${PODS_ROOT}/../Podfile.lock\" \"${PODS_ROOT}/Manifest.lock\" > /dev/null\nif [ $? != 0 ] ; then\n    # print error to STDERR\n    echo \"error: The sandbox is not in sync with the Podfile.lock. Run 'pod install' or update your CocoaPods installation.\" >&2\n    exit 1\nfi\n";
			showEnvVarsInLog = 0;
		};
		8E738DFA5225E53E5604B1AC /* [CP] Embed Pods Frameworks */ = {
			isa = PBXShellScriptBuildPhase;
			buildActionMask = 2147483647;
			files = (
			);
			inputPaths = (
			);
			name = "[CP] Embed Pods Frameworks";
			outputPaths = (
			);
			runOnlyForDeploymentPostprocessing = 0;
			shellPath = /bin/sh;
			shellScript = "\"${SRCROOT}/Pods/Target Support Files/Pods-MoyaVsWinterTests/Pods-MoyaVsWinterTests-frameworks.sh\"\n";
			showEnvVarsInLog = 0;
		};
		9B109098D27D37A297992244 /* [CP] Copy Pods Resources */ = {
			isa = PBXShellScriptBuildPhase;
			buildActionMask = 2147483647;
			files = (
			);
			inputPaths = (
			);
			name = "[CP] Copy Pods Resources";
			outputPaths = (
			);
			runOnlyForDeploymentPostprocessing = 0;
			shellPath = /bin/sh;
			shellScript = "\"${SRCROOT}/Pods/Target Support Files/Pods-MoyaVsWinter/Pods-MoyaVsWinter-resources.sh\"\n";
			showEnvVarsInLog = 0;
		};
		C975B79F237F2954FBF1E865 /* [CP] Copy Pods Resources */ = {
			isa = PBXShellScriptBuildPhase;
			buildActionMask = 2147483647;
			files = (
			);
			inputPaths = (
			);
			name = "[CP] Copy Pods Resources";
			outputPaths = (
			);
			runOnlyForDeploymentPostprocessing = 0;
			shellPath = /bin/sh;
			shellScript = "\"${SRCROOT}/Pods/Target Support Files/Pods-MoyaVsWinterTests/Pods-MoyaVsWinterTests-resources.sh\"\n";
			showEnvVarsInLog = 0;
		};
/* End PBXShellScriptBuildPhase section */

/* Begin PBXSourcesBuildPhase section */
		F3397BFF1F3C44AD003B2810 /* Sources */ = {
			isa = PBXSourcesBuildPhase;
			buildActionMask = 2147483647;
			files = (
				F3397C281F3C460E003B2810 /* WebService.swift in Sources */,
				F3397C3C1F3C4DBD003B2810 /* String+Extensions.swift in Sources */,
				F3397C401F3C4ECE003B2810 /* ResponseCode.swift in Sources */,
				F3397C361F3C4C1E003B2810 /* URLConstants.swift in Sources */,
				F3397C3E1F3C4E47003B2810 /* ErrorCode.swift in Sources */,
				F3397C301F3C4791003B2810 /* Token.swift in Sources */,
				F3397C341F3C4BE9003B2810 /* KeyConstants.swift in Sources */,
				F3397C2E1F3C4784003B2810 /* TokenManager.swift in Sources */,
				F3397C321F3C4BB2003B2810 /* Dictionary+Extension.swift in Sources */,
				F3397C2A1F3C470B003B2810 /* WebServiceError.swift in Sources */,
				F3397C091F3C44AD003B2810 /* ViewController.swift in Sources */,
				F3397C2C1F3C472F003B2810 /* Resource.swift in Sources */,
				F3397C441F3C500D003B2810 /* WUser.swift in Sources */,
				F3397C461F3C501C003B2810 /* MUser.swift in Sources */,
				F3397C481F3C996D003B2810 /* User.swift in Sources */,
				F3FDD2661F3D6B14005772BA /* StringConstants.swift in Sources */,
				F3397C381F3C4CC8003B2810 /* HeaderComposer.swift in Sources */,
				F3397C3A1F3C4D4A003B2810 /* UserDefaults+Extension.swift in Sources */,
				F3C2BE611F418BFD0030496C /* ConnectURLConstant.swift in Sources */,
				F3397C071F3C44AD003B2810 /* AppDelegate.swift in Sources */,
				F3C2BE631F418C7D0030496C /* LegacyLoginModel.swift in Sources */,
			);
			runOnlyForDeploymentPostprocessing = 0;
		};
		F3397C131F3C44AD003B2810 /* Sources */ = {
			isa = PBXSourcesBuildPhase;
			buildActionMask = 2147483647;
			files = (
				F3397C1C1F3C44AD003B2810 /* MoyaVsWinterTests.swift in Sources */,
			);
			runOnlyForDeploymentPostprocessing = 0;
		};
/* End PBXSourcesBuildPhase section */

/* Begin PBXTargetDependency section */
		F3397C191F3C44AD003B2810 /* PBXTargetDependency */ = {
			isa = PBXTargetDependency;
			target = F3397C021F3C44AD003B2810 /* MoyaVsWinter */;
			targetProxy = F3397C181F3C44AD003B2810 /* PBXContainerItemProxy */;
		};
/* End PBXTargetDependency section */

/* Begin PBXVariantGroup section */
		F3397C0A1F3C44AD003B2810 /* Main.storyboard */ = {
			isa = PBXVariantGroup;
			children = (
				F3397C0B1F3C44AD003B2810 /* Base */,
			);
			name = Main.storyboard;
			sourceTree = "<group>";
		};
		F3397C0F1F3C44AD003B2810 /* LaunchScreen.storyboard */ = {
			isa = PBXVariantGroup;
			children = (
				F3397C101F3C44AD003B2810 /* Base */,
			);
			name = LaunchScreen.storyboard;
			sourceTree = "<group>";
		};
/* End PBXVariantGroup section */

/* Begin XCBuildConfiguration section */
		F3397C1E1F3C44AD003B2810 /* Debug */ = {
			isa = XCBuildConfiguration;
			buildSettings = {
				ALWAYS_SEARCH_USER_PATHS = NO;
				CLANG_ANALYZER_NONNULL = YES;
				CLANG_ANALYZER_NUMBER_OBJECT_CONVERSION = YES_AGGRESSIVE;
				CLANG_CXX_LANGUAGE_STANDARD = "gnu++0x";
				CLANG_CXX_LIBRARY = "libc++";
				CLANG_ENABLE_MODULES = YES;
				CLANG_ENABLE_OBJC_ARC = YES;
				CLANG_WARN_BOOL_CONVERSION = YES;
				CLANG_WARN_CONSTANT_CONVERSION = YES;
				CLANG_WARN_DIRECT_OBJC_ISA_USAGE = YES_ERROR;
				CLANG_WARN_DOCUMENTATION_COMMENTS = YES;
				CLANG_WARN_EMPTY_BODY = YES;
				CLANG_WARN_ENUM_CONVERSION = YES;
				CLANG_WARN_INFINITE_RECURSION = YES;
				CLANG_WARN_INT_CONVERSION = YES;
				CLANG_WARN_OBJC_ROOT_CLASS = YES_ERROR;
				CLANG_WARN_SUSPICIOUS_MOVE = YES;
				CLANG_WARN_UNREACHABLE_CODE = YES;
				CLANG_WARN__DUPLICATE_METHOD_MATCH = YES;
				"CODE_SIGN_IDENTITY[sdk=iphoneos*]" = "iPhone Developer";
				COPY_PHASE_STRIP = NO;
				DEBUG_INFORMATION_FORMAT = dwarf;
				ENABLE_STRICT_OBJC_MSGSEND = YES;
				ENABLE_TESTABILITY = YES;
				GCC_C_LANGUAGE_STANDARD = gnu99;
				GCC_DYNAMIC_NO_PIC = NO;
				GCC_NO_COMMON_BLOCKS = YES;
				GCC_OPTIMIZATION_LEVEL = 0;
				GCC_PREPROCESSOR_DEFINITIONS = (
					"DEBUG=1",
					"$(inherited)",
				);
				GCC_WARN_64_TO_32_BIT_CONVERSION = YES;
				GCC_WARN_ABOUT_RETURN_TYPE = YES_ERROR;
				GCC_WARN_UNDECLARED_SELECTOR = YES;
				GCC_WARN_UNINITIALIZED_AUTOS = YES_AGGRESSIVE;
				GCC_WARN_UNUSED_FUNCTION = YES;
				GCC_WARN_UNUSED_VARIABLE = YES;
				IPHONEOS_DEPLOYMENT_TARGET = 10.3;
				MTL_ENABLE_DEBUG_INFO = YES;
				ONLY_ACTIVE_ARCH = YES;
				SDKROOT = iphoneos;
				SWIFT_ACTIVE_COMPILATION_CONDITIONS = DEBUG;
				SWIFT_OPTIMIZATION_LEVEL = "-Onone";
				TARGETED_DEVICE_FAMILY = "1,2";
			};
			name = Debug;
		};
		F3397C1F1F3C44AD003B2810 /* Release */ = {
			isa = XCBuildConfiguration;
			buildSettings = {
				ALWAYS_SEARCH_USER_PATHS = NO;
				CLANG_ANALYZER_NONNULL = YES;
				CLANG_ANALYZER_NUMBER_OBJECT_CONVERSION = YES_AGGRESSIVE;
				CLANG_CXX_LANGUAGE_STANDARD = "gnu++0x";
				CLANG_CXX_LIBRARY = "libc++";
				CLANG_ENABLE_MODULES = YES;
				CLANG_ENABLE_OBJC_ARC = YES;
				CLANG_WARN_BOOL_CONVERSION = YES;
				CLANG_WARN_CONSTANT_CONVERSION = YES;
				CLANG_WARN_DIRECT_OBJC_ISA_USAGE = YES_ERROR;
				CLANG_WARN_DOCUMENTATION_COMMENTS = YES;
				CLANG_WARN_EMPTY_BODY = YES;
				CLANG_WARN_ENUM_CONVERSION = YES;
				CLANG_WARN_INFINITE_RECURSION = YES;
				CLANG_WARN_INT_CONVERSION = YES;
				CLANG_WARN_OBJC_ROOT_CLASS = YES_ERROR;
				CLANG_WARN_SUSPICIOUS_MOVE = YES;
				CLANG_WARN_UNREACHABLE_CODE = YES;
				CLANG_WARN__DUPLICATE_METHOD_MATCH = YES;
				"CODE_SIGN_IDENTITY[sdk=iphoneos*]" = "iPhone Developer";
				COPY_PHASE_STRIP = NO;
				DEBUG_INFORMATION_FORMAT = "dwarf-with-dsym";
				ENABLE_NS_ASSERTIONS = NO;
				ENABLE_STRICT_OBJC_MSGSEND = YES;
				GCC_C_LANGUAGE_STANDARD = gnu99;
				GCC_NO_COMMON_BLOCKS = YES;
				GCC_WARN_64_TO_32_BIT_CONVERSION = YES;
				GCC_WARN_ABOUT_RETURN_TYPE = YES_ERROR;
				GCC_WARN_UNDECLARED_SELECTOR = YES;
				GCC_WARN_UNINITIALIZED_AUTOS = YES_AGGRESSIVE;
				GCC_WARN_UNUSED_FUNCTION = YES;
				GCC_WARN_UNUSED_VARIABLE = YES;
				IPHONEOS_DEPLOYMENT_TARGET = 10.3;
				MTL_ENABLE_DEBUG_INFO = NO;
				ONLY_ACTIVE_ARCH = YES;
				SDKROOT = iphoneos;
				SWIFT_OPTIMIZATION_LEVEL = "-Owholemodule";
				TARGETED_DEVICE_FAMILY = "1,2";
				VALIDATE_PRODUCT = YES;
			};
			name = Release;
		};
		F3397C211F3C44AD003B2810 /* Debug */ = {
			isa = XCBuildConfiguration;
			baseConfigurationReference = FA4DF53D85B0CB400F94FA8A /* Pods-MoyaVsWinter.debug.xcconfig */;
			buildSettings = {
				ASSETCATALOG_COMPILER_APPICON_NAME = AppIcon;
				DEVELOPMENT_TEAM = N7DN9W93BF;
				INFOPLIST_FILE = MoyaVsWinter/Info.plist;
				LD_RUNPATH_SEARCH_PATHS = "$(inherited) @executable_path/Frameworks";
				ONLY_ACTIVE_ARCH = YES;
				PRODUCT_BUNDLE_IDENTIFIER = snjmhj.MoyaVsWinter;
				PRODUCT_NAME = "$(TARGET_NAME)";
				SWIFT_VERSION = 3.0;
			};
			name = Debug;
		};
		F3397C221F3C44AD003B2810 /* Release */ = {
			isa = XCBuildConfiguration;
			baseConfigurationReference = A4C597604E2B314CE811BA48 /* Pods-MoyaVsWinter.release.xcconfig */;
			buildSettings = {
				ASSETCATALOG_COMPILER_APPICON_NAME = AppIcon;
				DEVELOPMENT_TEAM = N7DN9W93BF;
				INFOPLIST_FILE = MoyaVsWinter/Info.plist;
				LD_RUNPATH_SEARCH_PATHS = "$(inherited) @executable_path/Frameworks";
				ONLY_ACTIVE_ARCH = YES;
				PRODUCT_BUNDLE_IDENTIFIER = snjmhj.MoyaVsWinter;
				PRODUCT_NAME = "$(TARGET_NAME)";
				SWIFT_VERSION = 3.0;
			};
			name = Release;
		};
		F3397C241F3C44AD003B2810 /* Debug */ = {
			isa = XCBuildConfiguration;
			baseConfigurationReference = 56E5E605AD57C0F8AE6A3A51 /* Pods-MoyaVsWinterTests.debug.xcconfig */;
			buildSettings = {
				ALWAYS_EMBED_SWIFT_STANDARD_LIBRARIES = YES;
				BUNDLE_LOADER = "$(TEST_HOST)";
				DEVELOPMENT_TEAM = N7DN9W93BF;
				INFOPLIST_FILE = MoyaVsWinterTests/Info.plist;
				LD_RUNPATH_SEARCH_PATHS = "$(inherited) @executable_path/Frameworks @loader_path/Frameworks";
				PRODUCT_BUNDLE_IDENTIFIER = snjmhj.MoyaVsWinterTests;
				PRODUCT_NAME = "$(TARGET_NAME)";
				SWIFT_VERSION = 3.0;
				TEST_HOST = "$(BUILT_PRODUCTS_DIR)/MoyaVsWinter.app/MoyaVsWinter";
			};
			name = Debug;
		};
		F3397C251F3C44AD003B2810 /* Release */ = {
			isa = XCBuildConfiguration;
			baseConfigurationReference = 2E348592D7B9DEA75DCEA2EF /* Pods-MoyaVsWinterTests.release.xcconfig */;
			buildSettings = {
				ALWAYS_EMBED_SWIFT_STANDARD_LIBRARIES = YES;
				BUNDLE_LOADER = "$(TEST_HOST)";
				DEVELOPMENT_TEAM = N7DN9W93BF;
				INFOPLIST_FILE = MoyaVsWinterTests/Info.plist;
				LD_RUNPATH_SEARCH_PATHS = "$(inherited) @executable_path/Frameworks @loader_path/Frameworks";
				PRODUCT_BUNDLE_IDENTIFIER = snjmhj.MoyaVsWinterTests;
				PRODUCT_NAME = "$(TARGET_NAME)";
				SWIFT_VERSION = 3.0;
				TEST_HOST = "$(BUILT_PRODUCTS_DIR)/MoyaVsWinter.app/MoyaVsWinter";
			};
			name = Release;
		};
/* End XCBuildConfiguration section */

/* Begin XCConfigurationList section */
		F3397BFE1F3C44AD003B2810 /* Build configuration list for PBXProject "MoyaVsWinter" */ = {
			isa = XCConfigurationList;
			buildConfigurations = (
				F3397C1E1F3C44AD003B2810 /* Debug */,
				F3397C1F1F3C44AD003B2810 /* Release */,
			);
			defaultConfigurationIsVisible = 0;
			defaultConfigurationName = Release;
		};
		F3397C201F3C44AD003B2810 /* Build configuration list for PBXNativeTarget "MoyaVsWinter" */ = {
			isa = XCConfigurationList;
			buildConfigurations = (
				F3397C211F3C44AD003B2810 /* Debug */,
				F3397C221F3C44AD003B2810 /* Release */,
			);
			defaultConfigurationIsVisible = 0;
			defaultConfigurationName = Release;
		};
		F3397C231F3C44AD003B2810 /* Build configuration list for PBXNativeTarget "MoyaVsWinterTests" */ = {
			isa = XCConfigurationList;
			buildConfigurations = (
				F3397C241F3C44AD003B2810 /* Debug */,
				F3397C251F3C44AD003B2810 /* Release */,
			);
			defaultConfigurationIsVisible = 0;
			defaultConfigurationName = Release;
		};
/* End XCConfigurationList section */
	};
	rootObject = F3397BFB1F3C44AD003B2810 /* Project object */;
}
